
Microsoft Visual Studio Solution File, Format Version 12.00
# Visual Studio Version 16
VisualStudioVersion = 16.0.33801.447
MinimumVisualStudioVersion = 10.0.40219.1
Project("{FAE04EC0-301F-11D3-BF4B-00C04F79EFBC}") = "Project01", "Project01\Project01.csproj", "{039A8F58-1D82-4602-A618-DDF0676AC33B}"
EndProject
Global
	GlobalSection(SolutionConfigurationPlatforms) = preSolution
		Debug|Any CPU = Debug|Any CPU
		Release|Any CPU = Release|Any CPU
	EndGlobalSection
	GlobalSection(ProjectConfigurationPlatforms) = postSolution
		{039A8F58-1D82-4602-A618-DDF0676AC33B}.Debug|Any CPU.ActiveCfg = Debug|Any CPU
		{039A8F58-1D82-4602-A618-DDF0676AC33B}.Debug|Any CPU.Build.0 = Debug|Any CPU
		{039A8F58-1D82-4602-A618-DDF0676AC33B}.Release|Any CPU.ActiveCfg = Release|Any CPU
		{039A8F58-1D82-4602-A618-DDF0676AC33B}.Release|Any CPU.Build.0 = Release|Any CPU
	EndGlobalSection
	GlobalSection(SolutionProperties) = preSolution
		HideSolutionNode = FALSE
	EndGlobalSection
	GlobalSection(ExtensibilityGlobals) = postSolution
		SolutionGuid = {AC1BCE76-1793-4DF7-95F4-1BFB81B7AAD2}
	EndGlobalSection
EndGlobal
